
Microsoft Visual Studio Solution File, Format Version 12.00
# Visual Studio Version 16
VisualStudioVersion = 16.0.30413.136
MinimumVisualStudioVersion = 10.0.40219.1
Project("{FAE04EC0-301F-11D3-BF4B-00C04F79EFBC}") = "karussell_Smirnov.Android", "karussell_Smirnov\karussell_Smirnov.Android\karussell_Smirnov.Android.csproj", "{7C09B66D-E5B4-4646-AAA8-C60B2CB30A66}"
EndProject
Project("{FAE04EC0-301F-11D3-BF4B-00C04F79EFBC}") = "karussell_Smirnov", "karussell_Smirnov\karussell_Smirnov\karussell_Smirnov.csproj", "{355A2DBA-F9D8-4784-8346-26695F3DA7CD}"
EndProject
Global
	GlobalSection(SolutionConfigurationPlatforms) = preSolution
		Debug|Any CPU = Debug|Any CPU
		Release|Any CPU = Release|Any CPU
	EndGlobalSection
	GlobalSection(ProjectConfigurationPlatforms) = postSolution
		{7C09B66D-E5B4-4646-AAA8-C60B2CB30A66}.Debug|Any CPU.ActiveCfg = Debug|Any CPU
		{7C09B66D-E5B4-4646-AAA8-C60B2CB30A66}.Debug|Any CPU.Build.0 = Debug|Any CPU
		{7C09B66D-E5B4-4646-AAA8-C60B2CB30A66}.Debug|Any CPU.Deploy.0 = Debug|Any CPU
		{7C09B66D-E5B4-4646-AAA8-C60B2CB30A66}.Release|Any CPU.ActiveCfg = Release|Any CPU
		{7C09B66D-E5B4-4646-AAA8-C60B2CB30A66}.Release|Any CPU.Build.0 = Release|Any CPU
		{7C09B66D-E5B4-4646-AAA8-C60B2CB30A66}.Release|Any CPU.Deploy.0 = Release|Any CPU
		{355A2DBA-F9D8-4784-8346-26695F3DA7CD}.Debug|Any CPU.ActiveCfg = Debug|Any CPU
		{355A2DBA-F9D8-4784-8346-26695F3DA7CD}.Debug|Any CPU.Build.0 = Debug|Any CPU
		{355A2DBA-F9D8-4784-8346-26695F3DA7CD}.Debug|Any CPU.Deploy.0 = Debug|Any CPU
		{355A2DBA-F9D8-4784-8346-26695F3DA7CD}.Release|Any CPU.ActiveCfg = Release|Any CPU
		{355A2DBA-F9D8-4784-8346-26695F3DA7CD}.Release|Any CPU.Build.0 = Release|Any CPU
		{355A2DBA-F9D8-4784-8346-26695F3DA7CD}.Release|Any CPU.Deploy.0 = Release|Any CPU
	EndGlobalSection
	GlobalSection(SolutionProperties) = preSolution
		HideSolutionNode = FALSE
	EndGlobalSection
	GlobalSection(ExtensibilityGlobals) = postSolution
		SolutionGuid = {16CAFE8E-882F-43C3-87DC-AD47DC3B0A7C}
	EndGlobalSection
EndGlobal
